
Microsoft Visual Studio Solution File, Format Version 12.00
# Visual Studio Version 17
VisualStudioVersion = 17.5.33502.453
MinimumVisualStudioVersion = 10.0.40219.1
Project("{FAE04EC0-301F-11D3-BF4B-00C04F79EFBC}") = "TangyWeb_Server", "TangyWeb_Server\TangyWeb_Server.csproj", "{01464351-A567-450A-9B56-1A53105EF5F3}"
EndProject
Project("{FAE04EC0-301F-11D3-BF4B-00C04F79EFBC}") = "TangyWeb_Client", "TangyWeb_Client\TangyWeb_Client.csproj", "{51E035F2-3752-4268-92BB-98884EB32AE3}"
EndProject
Project("{FAE04EC0-301F-11D3-BF4B-00C04F79EFBC}") = "Tangy_Models", "Tangy_Models\Tangy_Models.csproj", "{A345C352-77C1-4218-8836-A95B9C81E04E}"
EndProject
Global
	GlobalSection(SolutionConfigurationPlatforms) = preSolution
		Debug|Any CPU = Debug|Any CPU
		Release|Any CPU = Release|Any CPU
	EndGlobalSection
	GlobalSection(ProjectConfigurationPlatforms) = postSolution
		{01464351-A567-450A-9B56-1A53105EF5F3}.Debug|Any CPU.ActiveCfg = Debug|Any CPU
		{01464351-A567-450A-9B56-1A53105EF5F3}.Debug|Any CPU.Build.0 = Debug|Any CPU
		{01464351-A567-450A-9B56-1A53105EF5F3}.Release|Any CPU.ActiveCfg = Release|Any CPU
		{01464351-A567-450A-9B56-1A53105EF5F3}.Release|Any CPU.Build.0 = Release|Any CPU
		{51E035F2-3752-4268-92BB-98884EB32AE3}.Debug|Any CPU.ActiveCfg = Debug|Any CPU
		{51E035F2-3752-4268-92BB-98884EB32AE3}.Debug|Any CPU.Build.0 = Debug|Any CPU
		{51E035F2-3752-4268-92BB-98884EB32AE3}.Release|Any CPU.ActiveCfg = Release|Any CPU
		{51E035F2-3752-4268-92BB-98884EB32AE3}.Release|Any CPU.Build.0 = Release|Any CPU
		{A345C352-77C1-4218-8836-A95B9C81E04E}.Debug|Any CPU.ActiveCfg = Debug|Any CPU
		{A345C352-77C1-4218-8836-A95B9C81E04E}.Debug|Any CPU.Build.0 = Debug|Any CPU
		{A345C352-77C1-4218-8836-A95B9C81E04E}.Release|Any CPU.ActiveCfg = Release|Any CPU
		{A345C352-77C1-4218-8836-A95B9C81E04E}.Release|Any CPU.Build.0 = Release|Any CPU
	EndGlobalSection
	GlobalSection(SolutionProperties) = preSolution
		HideSolutionNode = FALSE
	EndGlobalSection
	GlobalSection(ExtensibilityGlobals) = postSolution
		SolutionGuid = {09A17A48-E910-4AFD-B868-C7060CA428DE}
	EndGlobalSection
EndGlobal
